// !$*UTF8*$!
{
	archiveVersion = 1;
	classes = {
	};
	objectVersion = 52;
	objects = {

/* Begin PBXAggregateTarget section */
		"SwiftyShoppy::SwiftyShoppyPackageTests::ProductTarget" /* SwiftyShoppyPackageTests */ = {
			isa = PBXAggregateTarget;
			buildConfigurationList = OBJ_57 /* Build configuration list for PBXAggregateTarget "SwiftyShoppyPackageTests" */;
			buildPhases = (
			);
			dependencies = (
				OBJ_60 /* PBXTargetDependency */,
			);
			name = SwiftyShoppyPackageTests;
			productName = SwiftyShoppyPackageTests;
		};
/* End PBXAggregateTarget section */

/* Begin PBXBuildFile section */
		1B6199DC24ADF28D003FA43F /* Agent.swift in Sources */ = {isa = PBXBuildFile; fileRef = 1B6199DB24ADF28D003FA43F /* Agent.swift */; };
		1B786BA424AB48050020FC50 /* Moya in Frameworks */ = {isa = PBXBuildFile; productRef = 1B786BA324AB48050020FC50 /* Moya */; };
		1B8A2C2B24B22224003A496E /* Gateways.swift in Sources */ = {isa = PBXBuildFile; fileRef = 1B8A2C2A24B22224003A496E /* Gateways.swift */; };
		1B8A2C2D24B222CA003A496E /* DeliveryType.swift in Sources */ = {isa = PBXBuildFile; fileRef = 1B8A2C2C24B222CA003A496E /* DeliveryType.swift */; };
		1B8A2C2F24B23315003A496E /* MetadataType.swift in Sources */ = {isa = PBXBuildFile; fileRef = 1B8A2C2E24B23315003A496E /* MetadataType.swift */; };
		1B94D95224B622FE00CEFFED /* Metrics.swift in Sources */ = {isa = PBXBuildFile; fileRef = 1B94D95124B622FE00CEFFED /* Metrics.swift */; };
		1B94D95424B62A3F00CEFFED /* Queries.swift in Sources */ = {isa = PBXBuildFile; fileRef = 1B94D95324B62A3F00CEFFED /* Queries.swift */; };
		1B94D95624B637BE00CEFFED /* Resource.swift in Sources */ = {isa = PBXBuildFile; fileRef = 1B94D95524B637BE00CEFFED /* Resource.swift */; };
		1BB764C024AB5CE600C7F63A /* Keys.swift in Sources */ = {isa = PBXBuildFile; fileRef = 1BB764BF24AB5CE600C7F63A /* Keys.swift */; };
		1BB764C224AB67CB00C7F63A /* Analytics.swift in Sources */ = {isa = PBXBuildFile; fileRef = 1BB764C124AB67CB00C7F63A /* Analytics.swift */; };
		1BBAC68124B758B600E05261 /* Attachment.swift in Sources */ = {isa = PBXBuildFile; fileRef = 1BBAC68024B758B600E05261 /* Attachment.swift */; };
		1BBAC68324B75E3600E05261 /* Account.swift in Sources */ = {isa = PBXBuildFile; fileRef = 1BBAC68224B75E3600E05261 /* Account.swift */; };
		1BD7D4E924B09E0E00857EEC /* Settings.swift in Sources */ = {isa = PBXBuildFile; fileRef = 1BD7D4E824B09E0E00857EEC /* Settings.swift */; };
		OBJ_39 /* API.swift in Sources */ = {isa = PBXBuildFile; fileRef = OBJ_9 /* API.swift */; };
		OBJ_40 /* Endpoints.swift in Sources */ = {isa = PBXBuildFile; fileRef = OBJ_11 /* Endpoints.swift */; };
		OBJ_41 /* DateFormatter.swift in Sources */ = {isa = PBXBuildFile; fileRef = OBJ_13 /* DateFormatter.swift */; };
		OBJ_44 /* Order.swift in Sources */ = {isa = PBXBuildFile; fileRef = OBJ_17 /* Order.swift */; };
		OBJ_45 /* Product.swift in Sources */ = {isa = PBXBuildFile; fileRef = OBJ_18 /* Product.swift */; };
		OBJ_47 /* NetworkManager.swift in Sources */ = {isa = PBXBuildFile; fileRef = OBJ_21 /* NetworkManager.swift */; };
		OBJ_55 /* Package.swift in Sources */ = {isa = PBXBuildFile; fileRef = OBJ_6 /* Package.swift */; };
		OBJ_66 /* Tests.swift in Sources */ = {isa = PBXBuildFile; fileRef = OBJ_27 /* Tests.swift */; };
		OBJ_68 /* SwiftyShoppy.framework in Frameworks */ = {isa = PBXBuildFile; fileRef = "SwiftyShoppy::SwiftyShoppy::Product" /* SwiftyShoppy.framework */; };
/* End PBXBuildFile section */

/* Begin PBXContainerItemProxy section */
		1B786BA024AB47550020FC50 /* PBXContainerItemProxy */ = {
			isa = PBXContainerItemProxy;
			containerPortal = OBJ_1 /* Project object */;
			proxyType = 1;
			remoteGlobalIDString = "SwiftyShoppy::SwiftyShoppy";
			remoteInfo = SwiftyShoppy;
		};
		1B786BA124AB47570020FC50 /* PBXContainerItemProxy */ = {
			isa = PBXContainerItemProxy;
			containerPortal = OBJ_1 /* Project object */;
			proxyType = 1;
			remoteGlobalIDString = "SwiftyShoppy::SwiftyShoppyTests";
			remoteInfo = SwiftyShoppyTests;
		};
/* End PBXContainerItemProxy section */

/* Begin PBXFileReference section */
		1B6199DB24ADF28D003FA43F /* Agent.swift */ = {isa = PBXFileReference; lastKnownFileType = sourcecode.swift; path = Agent.swift; sourceTree = "<group>"; };
		1B8A2C2A24B22224003A496E /* Gateways.swift */ = {isa = PBXFileReference; lastKnownFileType = sourcecode.swift; path = Gateways.swift; sourceTree = "<group>"; };
		1B8A2C2C24B222CA003A496E /* DeliveryType.swift */ = {isa = PBXFileReference; lastKnownFileType = sourcecode.swift; path = DeliveryType.swift; sourceTree = "<group>"; };
		1B8A2C2E24B23315003A496E /* MetadataType.swift */ = {isa = PBXFileReference; lastKnownFileType = sourcecode.swift; path = MetadataType.swift; sourceTree = "<group>"; };
		1B94D95124B622FE00CEFFED /* Metrics.swift */ = {isa = PBXFileReference; lastKnownFileType = sourcecode.swift; path = Metrics.swift; sourceTree = "<group>"; };
		1B94D95324B62A3F00CEFFED /* Queries.swift */ = {isa = PBXFileReference; lastKnownFileType = sourcecode.swift; path = Queries.swift; sourceTree = "<group>"; };
		1B94D95524B637BE00CEFFED /* Resource.swift */ = {isa = PBXFileReference; lastKnownFileType = sourcecode.swift; path = Resource.swift; sourceTree = "<group>"; };
		1BB764BF24AB5CE600C7F63A /* Keys.swift */ = {isa = PBXFileReference; lastKnownFileType = sourcecode.swift; path = Keys.swift; sourceTree = "<group>"; };
		1BB764C124AB67CB00C7F63A /* Analytics.swift */ = {isa = PBXFileReference; lastKnownFileType = sourcecode.swift; path = Analytics.swift; sourceTree = "<group>"; };
		1BBAC68024B758B600E05261 /* Attachment.swift */ = {isa = PBXFileReference; lastKnownFileType = sourcecode.swift; path = Attachment.swift; sourceTree = "<group>"; };
		1BBAC68224B75E3600E05261 /* Account.swift */ = {isa = PBXFileReference; lastKnownFileType = sourcecode.swift; path = Account.swift; sourceTree = "<group>"; };
		1BD7D4E824B09E0E00857EEC /* Settings.swift */ = {isa = PBXFileReference; lastKnownFileType = sourcecode.swift; path = Settings.swift; sourceTree = "<group>"; };
		OBJ_11 /* Endpoints.swift */ = {isa = PBXFileReference; lastKnownFileType = sourcecode.swift; path = Endpoints.swift; sourceTree = "<group>"; };
		OBJ_13 /* DateFormatter.swift */ = {isa = PBXFileReference; lastKnownFileType = sourcecode.swift; path = DateFormatter.swift; sourceTree = "<group>"; };
		OBJ_17 /* Order.swift */ = {isa = PBXFileReference; lastKnownFileType = sourcecode.swift; path = Order.swift; sourceTree = "<group>"; };
		OBJ_18 /* Product.swift */ = {isa = PBXFileReference; lastKnownFileType = sourcecode.swift; path = Product.swift; sourceTree = "<group>"; };
		OBJ_21 /* NetworkManager.swift */ = {isa = PBXFileReference; lastKnownFileType = sourcecode.swift; path = NetworkManager.swift; sourceTree = "<group>"; };
		OBJ_26 /* Info.plist */ = {isa = PBXFileReference; lastKnownFileType = text.plist.xml; path = Info.plist; sourceTree = "<group>"; };
		OBJ_27 /* Tests.swift */ = {isa = PBXFileReference; lastKnownFileType = sourcecode.swift; path = Tests.swift; sourceTree = "<group>"; };
		OBJ_31 /* Media */ = {isa = PBXFileReference; lastKnownFileType = folder; path = Media; sourceTree = SOURCE_ROOT; };
		OBJ_32 /* README.md */ = {isa = PBXFileReference; lastKnownFileType = net.daringfireball.markdown; path = README.md; sourceTree = "<group>"; };
		OBJ_33 /* LICENCE */ = {isa = PBXFileReference; lastKnownFileType = text; path = LICENCE; sourceTree = "<group>"; };
		OBJ_6 /* Package.swift */ = {isa = PBXFileReference; explicitFileType = sourcecode.swift; path = Package.swift; sourceTree = "<group>"; };
		OBJ_9 /* API.swift */ = {isa = PBXFileReference; lastKnownFileType = sourcecode.swift; path = API.swift; sourceTree = "<group>"; };
		"SwiftyShoppy::SwiftyShoppy::Product" /* SwiftyShoppy.framework */ = {isa = PBXFileReference; explicitFileType = wrapper.framework; path = SwiftyShoppy.framework; sourceTree = BUILT_PRODUCTS_DIR; };
		"SwiftyShoppy::SwiftyShoppyTests::Product" /* SwiftyShoppyTests.xctest */ = {isa = PBXFileReference; explicitFileType = wrapper.cfbundle; path = SwiftyShoppyTests.xctest; sourceTree = BUILT_PRODUCTS_DIR; };
/* End PBXFileReference section */

/* Begin PBXFrameworksBuildPhase section */
		OBJ_49 /* Frameworks */ = {
			isa = PBXFrameworksBuildPhase;
			buildActionMask = 0;
			files = (
				1B786BA424AB48050020FC50 /* Moya in Frameworks */,
			);
			runOnlyForDeploymentPostprocessing = 0;
		};
		OBJ_67 /* Frameworks */ = {
			isa = PBXFrameworksBuildPhase;
			buildActionMask = 0;
			files = (
				OBJ_68 /* SwiftyShoppy.framework in Frameworks */,
			);
			runOnlyForDeploymentPostprocessing = 0;
		};
/* End PBXFrameworksBuildPhase section */

/* Begin PBXGroup section */
		OBJ_10 /* Endpoints */ = {
			isa = PBXGroup;
			children = (
				OBJ_11 /* Endpoints.swift */,
			);
			path = Endpoints;
			sourceTree = "<group>";
		};
		OBJ_12 /* Helpers */ = {
			isa = PBXGroup;
			children = (
				OBJ_13 /* DateFormatter.swift */,
			);
			path = Helpers;
			sourceTree = "<group>";
		};
		OBJ_15 /* Models */ = {
			isa = PBXGroup;
			children = (
				OBJ_17 /* Order.swift */,
				OBJ_18 /* Product.swift */,
				1BB764C124AB67CB00C7F63A /* Analytics.swift */,
				1B6199DB24ADF28D003FA43F /* Agent.swift */,
				1BD7D4E824B09E0E00857EEC /* Settings.swift */,
				1B8A2C2A24B22224003A496E /* Gateways.swift */,
				1B8A2C2C24B222CA003A496E /* DeliveryType.swift */,
				1B8A2C2E24B23315003A496E /* MetadataType.swift */,
				1B94D95124B622FE00CEFFED /* Metrics.swift */,
				1B94D95324B62A3F00CEFFED /* Queries.swift */,
				1B94D95524B637BE00CEFFED /* Resource.swift */,
				1BBAC68024B758B600E05261 /* Attachment.swift */,
				1BBAC68224B75E3600E05261 /* Account.swift */,
			);
			path = Models;
			sourceTree = "<group>";
		};
		OBJ_19 /* Network */ = {
			isa = PBXGroup;
			children = (
				OBJ_21 /* NetworkManager.swift */,
			);
			path = Network;
			sourceTree = "<group>";
		};
		OBJ_24 /* Tests */ = {
			isa = PBXGroup;
			children = (
				OBJ_25 /* SwiftyShoppyTests */,
			);
			name = Tests;
			sourceTree = SOURCE_ROOT;
		};
		OBJ_25 /* SwiftyShoppyTests */ = {
			isa = PBXGroup;
			children = (
				OBJ_26 /* Info.plist */,
				OBJ_27 /* Tests.swift */,
				1BB764BF24AB5CE600C7F63A /* Keys.swift */,
			);
			name = SwiftyShoppyTests;
			path = Tests/SwiftyShoppyTests;
			sourceTree = SOURCE_ROOT;
		};
		OBJ_28 /* Products */ = {
			isa = PBXGroup;
			children = (
				"SwiftyShoppy::SwiftyShoppy::Product" /* SwiftyShoppy.framework */,
				"SwiftyShoppy::SwiftyShoppyTests::Product" /* SwiftyShoppyTests.xctest */,
			);
			name = Products;
			sourceTree = BUILT_PRODUCTS_DIR;
		};
		OBJ_5 = {
			isa = PBXGroup;
			children = (
				OBJ_6 /* Package.swift */,
				OBJ_8 /* SwiftyShoppy */,
				OBJ_24 /* Tests */,
				OBJ_28 /* Products */,
				OBJ_31 /* Media */,
				OBJ_32 /* README.md */,
				OBJ_33 /* LICENCE */,
			);
			sourceTree = "<group>";
		};
		OBJ_8 /* SwiftyShoppy */ = {
			isa = PBXGroup;
			children = (
				OBJ_9 /* API.swift */,
				OBJ_10 /* Endpoints */,
				OBJ_12 /* Helpers */,
				OBJ_15 /* Models */,
				OBJ_19 /* Network */,
			);
			path = SwiftyShoppy;
			sourceTree = SOURCE_ROOT;
		};
/* End PBXGroup section */

/* Begin PBXNativeTarget section */
		"SwiftyShoppy::SwiftPMPackageDescription" /* SwiftyShoppyPackageDescription */ = {
			isa = PBXNativeTarget;
			buildConfigurationList = OBJ_51 /* Build configuration list for PBXNativeTarget "SwiftyShoppyPackageDescription" */;
			buildPhases = (
				OBJ_54 /* Sources */,
			);
			buildRules = (
			);
			dependencies = (
			);
			name = SwiftyShoppyPackageDescription;
			productName = SwiftyShoppyPackageDescription;
			productType = "com.apple.product-type.framework";
		};
		"SwiftyShoppy::SwiftyShoppy" /* SwiftyShoppy */ = {
			isa = PBXNativeTarget;
			buildConfigurationList = OBJ_35 /* Build configuration list for PBXNativeTarget "SwiftyShoppy" */;
			buildPhases = (
				OBJ_38 /* Sources */,
				OBJ_49 /* Frameworks */,
			);
			buildRules = (
			);
			dependencies = (
			);
			name = SwiftyShoppy;
			packageProductDependencies = (
				1B786BA324AB48050020FC50 /* Moya */,
			);
			productName = SwiftyShoppy;
			productReference = "SwiftyShoppy::SwiftyShoppy::Product" /* SwiftyShoppy.framework */;
			productType = "com.apple.product-type.framework";
		};
		"SwiftyShoppy::SwiftyShoppyTests" /* SwiftyShoppyTests */ = {
			isa = PBXNativeTarget;
			buildConfigurationList = OBJ_62 /* Build configuration list for PBXNativeTarget "SwiftyShoppyTests" */;
			buildPhases = (
				OBJ_65 /* Sources */,
				OBJ_67 /* Frameworks */,
			);
			buildRules = (
			);
			dependencies = (
				OBJ_69 /* PBXTargetDependency */,
			);
			name = SwiftyShoppyTests;
			productName = SwiftyShoppyTests;
			productReference = "SwiftyShoppy::SwiftyShoppyTests::Product" /* SwiftyShoppyTests.xctest */;
			productType = "com.apple.product-type.bundle.unit-test";
		};
/* End PBXNativeTarget section */

/* Begin PBXProject section */
		OBJ_1 /* Project object */ = {
			isa = PBXProject;
			attributes = {
				LastSwiftMigration = 9999;
				LastUpgradeCheck = 9999;
			};
			buildConfigurationList = OBJ_2 /* Build configuration list for PBXProject "SwiftyShoppy" */;
			compatibilityVersion = "Xcode 9.3";
			developmentRegion = en;
			hasScannedForEncodings = 0;
			knownRegions = (
				en,
			);
			mainGroup = OBJ_5;
			packageReferences = (
				1B786BA224AB48050020FC50 /* XCRemoteSwiftPackageReference "Moya" */,
			);
			productRefGroup = OBJ_28 /* Products */;
			projectDirPath = "";
			projectRoot = "";
			targets = (
				"SwiftyShoppy::SwiftyShoppy" /* SwiftyShoppy */,
				"SwiftyShoppy::SwiftPMPackageDescription" /* SwiftyShoppyPackageDescription */,
				"SwiftyShoppy::SwiftyShoppyPackageTests::ProductTarget" /* SwiftyShoppyPackageTests */,
				"SwiftyShoppy::SwiftyShoppyTests" /* SwiftyShoppyTests */,
			);
		};
/* End PBXProject section */

/* Begin PBXSourcesBuildPhase section */
		OBJ_38 /* Sources */ = {
			isa = PBXSourcesBuildPhase;
			buildActionMask = 0;
			files = (
				1B8A2C2F24B23315003A496E /* MetadataType.swift in Sources */,
				1B94D95224B622FE00CEFFED /* Metrics.swift in Sources */,
				1B94D95424B62A3F00CEFFED /* Queries.swift in Sources */,
				1B94D95624B637BE00CEFFED /* Resource.swift in Sources */,
				1BBAC68124B758B600E05261 /* Attachment.swift in Sources */,
				OBJ_39 /* API.swift in Sources */,
				1B6199DC24ADF28D003FA43F /* Agent.swift in Sources */,
				1BD7D4E924B09E0E00857EEC /* Settings.swift in Sources */,
				OBJ_40 /* Endpoints.swift in Sources */,
				1B8A2C2B24B22224003A496E /* Gateways.swift in Sources */,
				OBJ_41 /* DateFormatter.swift in Sources */,
				1BBAC68324B75E3600E05261 /* Account.swift in Sources */,
				1B8A2C2D24B222CA003A496E /* DeliveryType.swift in Sources */,
				OBJ_44 /* Order.swift in Sources */,
				OBJ_45 /* Product.swift in Sources */,
				OBJ_47 /* NetworkManager.swift in Sources */,
				1BB764C224AB67CB00C7F63A /* Analytics.swift in Sources */,
			);
			runOnlyForDeploymentPostprocessing = 0;
		};
		OBJ_54 /* Sources */ = {
			isa = PBXSourcesBuildPhase;
			buildActionMask = 0;
			files = (
				OBJ_55 /* Package.swift in Sources */,
			);
			runOnlyForDeploymentPostprocessing = 0;
		};
		OBJ_65 /* Sources */ = {
			isa = PBXSourcesBuildPhase;
			buildActionMask = 0;
			files = (
				OBJ_66 /* Tests.swift in Sources */,
				1BB764C024AB5CE600C7F63A /* Keys.swift in Sources */,
			);
			runOnlyForDeploymentPostprocessing = 0;
		};
/* End PBXSourcesBuildPhase section */

/* Begin PBXTargetDependency section */
		OBJ_60 /* PBXTargetDependency */ = {
			isa = PBXTargetDependency;
			target = "SwiftyShoppy::SwiftyShoppyTests" /* SwiftyShoppyTests */;
			targetProxy = 1B786BA124AB47570020FC50 /* PBXContainerItemProxy */;
		};
		OBJ_69 /* PBXTargetDependency */ = {
			isa = PBXTargetDependency;
			target = "SwiftyShoppy::SwiftyShoppy" /* SwiftyShoppy */;
			targetProxy = 1B786BA024AB47550020FC50 /* PBXContainerItemProxy */;
		};
/* End PBXTargetDependency section */

/* Begin XCBuildConfiguration section */
		OBJ_3 /* Debug */ = {
			isa = XCBuildConfiguration;
			buildSettings = {
				CLANG_ENABLE_OBJC_ARC = YES;
				COMBINE_HIDPI_IMAGES = YES;
				COPY_PHASE_STRIP = NO;
				DEBUG_INFORMATION_FORMAT = dwarf;
				DYLIB_INSTALL_NAME_BASE = "@rpath";
				ENABLE_NS_ASSERTIONS = YES;
				GCC_OPTIMIZATION_LEVEL = 0;
				GCC_PREPROCESSOR_DEFINITIONS = (
					"$(inherited)",
					"SWIFT_PACKAGE=1",
					"DEBUG=1",
				);
				MACOSX_DEPLOYMENT_TARGET = 10.12;
				ONLY_ACTIVE_ARCH = YES;
				OTHER_SWIFT_FLAGS = "$(inherited) -DXcode";
				PRODUCT_NAME = "$(TARGET_NAME)";
				SDKROOT = macosx;
				SUPPORTED_PLATFORMS = "macosx iphoneos iphonesimulator appletvos appletvsimulator watchos watchsimulator";
				SWIFT_ACTIVE_COMPILATION_CONDITIONS = "$(inherited) SWIFT_PACKAGE DEBUG";
				SWIFT_OPTIMIZATION_LEVEL = "-Onone";
				USE_HEADERMAP = NO;
			};
			name = Debug;
		};
		OBJ_36 /* Debug */ = {
			isa = XCBuildConfiguration;
			buildSettings = {
				CODE_SIGN_IDENTITY = "Apple Development";
				DEVELOPMENT_TEAM = 834DH5487Q;
				ENABLE_TESTABILITY = YES;
				FRAMEWORK_SEARCH_PATHS = (
					"$(inherited)",
					"$(PLATFORM_DIR)/Developer/Library/Frameworks",
				);
				HEADER_SEARCH_PATHS = "$(inherited)";
				INFOPLIST_FILE = SwiftyShoppy.xcodeproj/SwiftyShoppy_Info.plist;
				IPHONEOS_DEPLOYMENT_TARGET = 13.0;
				LD_RUNPATH_SEARCH_PATHS = (
					"$(inherited)",
					"$(TOOLCHAIN_DIR)/usr/lib/swift/macosx",
				);
				MACOSX_DEPLOYMENT_TARGET = 10.12;
				OTHER_CFLAGS = "$(inherited)";
				OTHER_LDFLAGS = "$(inherited)";
				OTHER_SWIFT_FLAGS = "$(inherited)";
				PRODUCT_BUNDLE_IDENTIFIER = SwiftyShoppy;
				PRODUCT_MODULE_NAME = "$(TARGET_NAME:c99extidentifier)";
				PRODUCT_NAME = "$(TARGET_NAME:c99extidentifier)";
				SKIP_INSTALL = YES;
				SWIFT_ACTIVE_COMPILATION_CONDITIONS = "$(inherited)";
				SWIFT_VERSION = 5.0;
				TARGET_NAME = SwiftyShoppy;
				TVOS_DEPLOYMENT_TARGET = 13.0;
				WATCHOS_DEPLOYMENT_TARGET = 6.0;
			};
			name = Debug;
		};
		OBJ_37 /* Release */ = {
			isa = XCBuildConfiguration;
			buildSettings = {
				CODE_SIGN_IDENTITY = "Apple Development";
				DEVELOPMENT_TEAM = 834DH5487Q;
				ENABLE_TESTABILITY = YES;
				FRAMEWORK_SEARCH_PATHS = (
					"$(inherited)",
					"$(PLATFORM_DIR)/Developer/Library/Frameworks",
				);
				HEADER_SEARCH_PATHS = "$(inherited)";
				INFOPLIST_FILE = SwiftyShoppy.xcodeproj/SwiftyShoppy_Info.plist;
				IPHONEOS_DEPLOYMENT_TARGET = 13.0;
				LD_RUNPATH_SEARCH_PATHS = (
					"$(inherited)",
					"$(TOOLCHAIN_DIR)/usr/lib/swift/macosx",
				);
				MACOSX_DEPLOYMENT_TARGET = 10.12;
				OTHER_CFLAGS = "$(inherited)";
				OTHER_LDFLAGS = "$(inherited)";
				OTHER_SWIFT_FLAGS = "$(inherited)";
				PRODUCT_BUNDLE_IDENTIFIER = SwiftyShoppy;
				PRODUCT_MODULE_NAME = "$(TARGET_NAME:c99extidentifier)";
				PRODUCT_NAME = "$(TARGET_NAME:c99extidentifier)";
				SKIP_INSTALL = YES;
				SWIFT_ACTIVE_COMPILATION_CONDITIONS = "$(inherited)";
				SWIFT_VERSION = 5.0;
				TARGET_NAME = SwiftyShoppy;
				TVOS_DEPLOYMENT_TARGET = 13.0;
				WATCHOS_DEPLOYMENT_TARGET = 6.0;
			};
			name = Release;
		};
		OBJ_4 /* Release */ = {
			isa = XCBuildConfiguration;
			buildSettings = {
				CLANG_ENABLE_OBJC_ARC = YES;
				COMBINE_HIDPI_IMAGES = YES;
				COPY_PHASE_STRIP = YES;
				DEBUG_INFORMATION_FORMAT = "dwarf-with-dsym";
				DYLIB_INSTALL_NAME_BASE = "@rpath";
				GCC_OPTIMIZATION_LEVEL = s;
				GCC_PREPROCESSOR_DEFINITIONS = (
					"$(inherited)",
					"SWIFT_PACKAGE=1",
				);
				MACOSX_DEPLOYMENT_TARGET = 10.12;
				OTHER_SWIFT_FLAGS = "$(inherited) -DXcode";
				PRODUCT_NAME = "$(TARGET_NAME)";
				SDKROOT = macosx;
				SUPPORTED_PLATFORMS = "macosx iphoneos iphonesimulator appletvos appletvsimulator watchos watchsimulator";
				SWIFT_ACTIVE_COMPILATION_CONDITIONS = "$(inherited) SWIFT_PACKAGE";
				SWIFT_COMPILATION_MODE = wholemodule;
				SWIFT_OPTIMIZATION_LEVEL = "-O";
				USE_HEADERMAP = NO;
			};
			name = Release;
		};
		OBJ_52 /* Debug */ = {
			isa = XCBuildConfiguration;
			buildSettings = {
				LD = /usr/bin/true;
				MACOSX_DEPLOYMENT_TARGET = 10.12;
				OTHER_SWIFT_FLAGS = "-swift-version 5 -I $(TOOLCHAIN_DIR)/usr/lib/swift/pm/4_2 -target x86_64-apple-macosx10.10 -sdk /Applications/Xcode.app/Contents/Developer/Platforms/MacOSX.platform/Developer/SDKs/MacOSX10.15.sdk -package-description-version 5.2.0";
				SWIFT_VERSION = 5.0;
			};
			name = Debug;
		};
		OBJ_53 /* Release */ = {
			isa = XCBuildConfiguration;
			buildSettings = {
				LD = /usr/bin/true;
				MACOSX_DEPLOYMENT_TARGET = 10.12;
				OTHER_SWIFT_FLAGS = "-swift-version 5 -I $(TOOLCHAIN_DIR)/usr/lib/swift/pm/4_2 -target x86_64-apple-macosx10.10 -sdk /Applications/Xcode.app/Contents/Developer/Platforms/MacOSX.platform/Developer/SDKs/MacOSX10.15.sdk -package-description-version 5.2.0";
				SWIFT_VERSION = 5.0;
			};
			name = Release;
		};
		OBJ_58 /* Debug */ = {
			isa = XCBuildConfiguration;
			buildSettings = {
			};
			name = Debug;
		};
		OBJ_59 /* Release */ = {
			isa = XCBuildConfiguration;
			buildSettings = {
			};
			name = Release;
		};
		OBJ_63 /* Debug */ = {
			isa = XCBuildConfiguration;
			buildSettings = {
				CLANG_ENABLE_MODULES = YES;
				DEVELOPMENT_TEAM = 834DH5487Q;
				EMBEDDED_CONTENT_CONTAINS_SWIFT = YES;
				FRAMEWORK_SEARCH_PATHS = (
					"$(inherited)",
					"$(PLATFORM_DIR)/Developer/Library/Frameworks",
				);
				HEADER_SEARCH_PATHS = "$(inherited)";
				INFOPLIST_FILE = SwiftyShoppy.xcodeproj/SwiftyShoppyTests_Info.plist;
				IPHONEOS_DEPLOYMENT_TARGET = 13.0;
				LD_RUNPATH_SEARCH_PATHS = (
					"$(inherited)",
					"@loader_path/../Frameworks",
					"@loader_path/Frameworks",
				);
				MACOSX_DEPLOYMENT_TARGET = 10.12;
				OTHER_CFLAGS = "$(inherited)";
				OTHER_LDFLAGS = "$(inherited)";
				OTHER_SWIFT_FLAGS = "$(inherited)";
				SWIFT_ACTIVE_COMPILATION_CONDITIONS = "$(inherited)";
				SWIFT_VERSION = 5.0;
				TARGET_NAME = SwiftyShoppyTests;
				TVOS_DEPLOYMENT_TARGET = 13.0;
				WATCHOS_DEPLOYMENT_TARGET = 6.0;
			};
			name = Debug;
		};
		OBJ_64 /* Release */ = {
			isa = XCBuildConfiguration;
			buildSettings = {
				CLANG_ENABLE_MODULES = YES;
				DEVELOPMENT_TEAM = 834DH5487Q;
				EMBEDDED_CONTENT_CONTAINS_SWIFT = YES;
				FRAMEWORK_SEARCH_PATHS = (
					"$(inherited)",
					"$(PLATFORM_DIR)/Developer/Library/Frameworks",
				);
				HEADER_SEARCH_PATHS = "$(inherited)";
				INFOPLIST_FILE = SwiftyShoppy.xcodeproj/SwiftyShoppyTests_Info.plist;
				IPHONEOS_DEPLOYMENT_TARGET = 13.0;
				LD_RUNPATH_SEARCH_PATHS = (
					"$(inherited)",
					"@loader_path/../Frameworks",
					"@loader_path/Frameworks",
				);
				MACOSX_DEPLOYMENT_TARGET = 10.12;
				OTHER_CFLAGS = "$(inherited)";
				OTHER_LDFLAGS = "$(inherited)";
				OTHER_SWIFT_FLAGS = "$(inherited)";
				SWIFT_ACTIVE_COMPILATION_CONDITIONS = "$(inherited)";
				SWIFT_VERSION = 5.0;
				TARGET_NAME = SwiftyShoppyTests;
				TVOS_DEPLOYMENT_TARGET = 13.0;
				WATCHOS_DEPLOYMENT_TARGET = 6.0;
			};
			name = Release;
		};
/* End XCBuildConfiguration section */

/* Begin XCConfigurationList section */
		OBJ_2 /* Build configuration list for PBXProject "SwiftyShoppy" */ = {
			isa = XCConfigurationList;
			buildConfigurations = (
				OBJ_3 /* Debug */,
				OBJ_4 /* Release */,
			);
			defaultConfigurationIsVisible = 0;
			defaultConfigurationName = Release;
		};
		OBJ_35 /* Build configuration list for PBXNativeTarget "SwiftyShoppy" */ = {
			isa = XCConfigurationList;
			buildConfigurations = (
				OBJ_36 /* Debug */,
				OBJ_37 /* Release */,
			);
			defaultConfigurationIsVisible = 0;
			defaultConfigurationName = Release;
		};
		OBJ_51 /* Build configuration list for PBXNativeTarget "SwiftyShoppyPackageDescription" */ = {
			isa = XCConfigurationList;
			buildConfigurations = (
				OBJ_52 /* Debug */,
				OBJ_53 /* Release */,
			);
			defaultConfigurationIsVisible = 0;
			defaultConfigurationName = Release;
		};
		OBJ_57 /* Build configuration list for PBXAggregateTarget "SwiftyShoppyPackageTests" */ = {
			isa = XCConfigurationList;
			buildConfigurations = (
				OBJ_58 /* Debug */,
				OBJ_59 /* Release */,
			);
			defaultConfigurationIsVisible = 0;
			defaultConfigurationName = Release;
		};
		OBJ_62 /* Build configuration list for PBXNativeTarget "SwiftyShoppyTests" */ = {
			isa = XCConfigurationList;
			buildConfigurations = (
				OBJ_63 /* Debug */,
				OBJ_64 /* Release */,
			);
			defaultConfigurationIsVisible = 0;
			defaultConfigurationName = Release;
		};
/* End XCConfigurationList section */

/* Begin XCRemoteSwiftPackageReference section */
		1B786BA224AB48050020FC50 /* XCRemoteSwiftPackageReference "Moya" */ = {
			isa = XCRemoteSwiftPackageReference;
			repositoryURL = "https://github.com/Moya/Moya.git";
			requirement = {
				kind = upToNextMajorVersion;
				minimumVersion = 14.0.0;
			};
		};
/* End XCRemoteSwiftPackageReference section */

/* Begin XCSwiftPackageProductDependency section */
		1B786BA324AB48050020FC50 /* Moya */ = {
			isa = XCSwiftPackageProductDependency;
			package = 1B786BA224AB48050020FC50 /* XCRemoteSwiftPackageReference "Moya" */;
			productName = Moya;
		};
/* End XCSwiftPackageProductDependency section */
	};
	rootObject = OBJ_1 /* Project object */;
}
